
Microsoft Visual Studio Solution File, Format Version 12.00
# Visual Studio Version 17
VisualStudioVersion = 17.6.33815.320
MinimumVisualStudioVersion = 10.0.40219.1
Project("{FAE04EC0-301F-11D3-BF4B-00C04F79EFBC}") = "GuessNumbergame", "GuessNumbergame\GuessNumbergame.csproj", "{99BEDAB3-4D4A-4AF0-B4A0-EC4EB42DF92A}"
EndProject
Global
	GlobalSection(SolutionConfigurationPlatforms) = preSolution
		Debug|Any CPU = Debug|Any CPU
		Release|Any CPU = Release|Any CPU
	EndGlobalSection
	GlobalSection(ProjectConfigurationPlatforms) = postSolution
		{99BEDAB3-4D4A-4AF0-B4A0-EC4EB42DF92A}.Debug|Any CPU.ActiveCfg = Debug|Any CPU
		{99BEDAB3-4D4A-4AF0-B4A0-EC4EB42DF92A}.Debug|Any CPU.Build.0 = Debug|Any CPU
		{99BEDAB3-4D4A-4AF0-B4A0-EC4EB42DF92A}.Release|Any CPU.ActiveCfg = Release|Any CPU
		{99BEDAB3-4D4A-4AF0-B4A0-EC4EB42DF92A}.Release|Any CPU.Build.0 = Release|Any CPU
	EndGlobalSection
	GlobalSection(SolutionProperties) = preSolution
		HideSolutionNode = FALSE
	EndGlobalSection
	GlobalSection(ExtensibilityGlobals) = postSolution
		SolutionGuid = {822E615A-6462-4C80-93FA-12C945C44524}
	EndGlobalSection
EndGlobal
